
Microsoft Visual Studio Solution File, Format Version 12.00
# Visual Studio Version 16
VisualStudioVersion = 16.0.29709.97
MinimumVisualStudioVersion = 10.0.40219.1
Project("{FAE04EC0-301F-11D3-BF4B-00C04F79EFBC}") = "MimicAPI", "MimicAPI\MimicAPI.csproj", "{51E4C387-3005-402D-8893-406305408D51}"
EndProject
Global
	GlobalSection(SolutionConfigurationPlatforms) = preSolution
		Debug|Any CPU = Debug|Any CPU
		Release|Any CPU = Release|Any CPU
	EndGlobalSection
	GlobalSection(ProjectConfigurationPlatforms) = postSolution
		{51E4C387-3005-402D-8893-406305408D51}.Debug|Any CPU.ActiveCfg = Debug|Any CPU
		{51E4C387-3005-402D-8893-406305408D51}.Debug|Any CPU.Build.0 = Debug|Any CPU
		{51E4C387-3005-402D-8893-406305408D51}.Release|Any CPU.ActiveCfg = Release|Any CPU
		{51E4C387-3005-402D-8893-406305408D51}.Release|Any CPU.Build.0 = Release|Any CPU
	EndGlobalSection
	GlobalSection(SolutionProperties) = preSolution
		HideSolutionNode = FALSE
	EndGlobalSection
	GlobalSection(ExtensibilityGlobals) = postSolution
		SolutionGuid = {114BBD6E-B3CA-4C36-B74F-2DA0BA8E53AC}
	EndGlobalSection
EndGlobal
